
Microsoft Visual Studio Solution File, Format Version 12.00
# Visual Studio 2015
Project("{FAE04EC0-301F-11D3-BF4B-00C04F79EFBC}") = "Test_0.CSharp", "Test_0.CSharp.csproj", "{76AB448D-5786-5793-0E6D-9DC3534F484D}"
EndProject
Global
	GlobalSection(SolutionConfigurationPlatforms) = preSolution
		Debug|Any CPU = Debug|Any CPU
		Release|Any CPU = Release|Any CPU
	EndGlobalSection
	GlobalSection(ProjectConfigurationPlatforms) = postSolution
		{76AB448D-5786-5793-0E6D-9DC3534F484D}.Debug|Any CPU.ActiveCfg = Debug|Any CPU
		{76AB448D-5786-5793-0E6D-9DC3534F484D}.Debug|Any CPU.Build.0 = Debug|Any CPU
		{76AB448D-5786-5793-0E6D-9DC3534F484D}.Release|Any CPU.ActiveCfg = Release|Any CPU
		{76AB448D-5786-5793-0E6D-9DC3534F484D}.Release|Any CPU.Build.0 = Release|Any CPU
	EndGlobalSection
	GlobalSection(SolutionProperties) = preSolution
		HideSolutionNode = FALSE
	EndGlobalSection
EndGlobal
